// !$*UTF8*$!
{
	archiveVersion = 1;
	classes = {
	};
	objectVersion = 46;
	objects = {

/* Begin PBXBuildFile section */
		F12C27821974A63B00DB6E3E /* FRExtras.m in Sources */ = {isa = PBXBuildFile; fileRef = F12C27811974A63B00DB6E3E /* FRExtras.m */; };
		F12C53FD1978923F002B5387 /* FRHistoryTVC.m in Sources */ = {isa = PBXBuildFile; fileRef = F12C53FC1978923F002B5387 /* FRHistoryTVC.m */; };
		F131DBF41975E82F00FF8307 /* FRPhotoVC.m in Sources */ = {isa = PBXBuildFile; fileRef = F131DBF31975E82F00FF8307 /* FRPhotoVC.m */; };
		F131DBF71975EAFD00FF8307 /* FRPhotoInfoVC.m in Sources */ = {isa = PBXBuildFile; fileRef = F131DBF61975EAFD00FF8307 /* FRPhotoInfoVC.m */; };
		F158E5461972D6AF00EC40E1 /* Foundation.framework in Frameworks */ = {isa = PBXBuildFile; fileRef = F158E5451972D6AF00EC40E1 /* Foundation.framework */; };
		F158E5481972D6AF00EC40E1 /* CoreGraphics.framework in Frameworks */ = {isa = PBXBuildFile; fileRef = F158E5471972D6AF00EC40E1 /* CoreGraphics.framework */; };
		F158E54A1972D6AF00EC40E1 /* UIKit.framework in Frameworks */ = {isa = PBXBuildFile; fileRef = F158E5491972D6AF00EC40E1 /* UIKit.framework */; };
		F158E5501972D6AF00EC40E1 /* InfoPlist.strings in Resources */ = {isa = PBXBuildFile; fileRef = F158E54E1972D6AF00EC40E1 /* InfoPlist.strings */; };
		F158E5521972D6AF00EC40E1 /* main.m in Sources */ = {isa = PBXBuildFile; fileRef = F158E5511972D6AF00EC40E1 /* main.m */; };
		F158E5561972D6B000EC40E1 /* FRAppDelegate.m in Sources */ = {isa = PBXBuildFile; fileRef = F158E5551972D6B000EC40E1 /* FRAppDelegate.m */; };
		F158E5591972D6B000EC40E1 /* Main_iPhone.storyboard in Resources */ = {isa = PBXBuildFile; fileRef = F158E5571972D6B000EC40E1 /* Main_iPhone.storyboard */; };
		F158E55C1972D6B000EC40E1 /* Main_iPad.storyboard in Resources */ = {isa = PBXBuildFile; fileRef = F158E55A1972D6B000EC40E1 /* Main_iPad.storyboard */; };
		F158E55F1972D6B000EC40E1 /* FRViewController.m in Sources */ = {isa = PBXBuildFile; fileRef = F158E55E1972D6B000EC40E1 /* FRViewController.m */; };
		F158E5611972D6B000EC40E1 /* Images.xcassets in Resources */ = {isa = PBXBuildFile; fileRef = F158E5601972D6B000EC40E1 /* Images.xcassets */; };
		F158E5681972D6B000EC40E1 /* XCTest.framework in Frameworks */ = {isa = PBXBuildFile; fileRef = F158E5671972D6B000EC40E1 /* XCTest.framework */; };
		F158E5691972D6B000EC40E1 /* Foundation.framework in Frameworks */ = {isa = PBXBuildFile; fileRef = F158E5451972D6AF00EC40E1 /* Foundation.framework */; };
		F158E56A1972D6B000EC40E1 /* UIKit.framework in Frameworks */ = {isa = PBXBuildFile; fileRef = F158E5491972D6AF00EC40E1 /* UIKit.framework */; };
		F158E5721972D6B000EC40E1 /* InfoPlist.strings in Resources */ = {isa = PBXBuildFile; fileRef = F158E5701972D6B000EC40E1 /* InfoPlist.strings */; };
		F158E5741972D6B000EC40E1 /* FlickrRegionsTests.m in Sources */ = {isa = PBXBuildFile; fileRef = F158E5731972D6B000EC40E1 /* FlickrRegionsTests.m */; };
		F158E5841972D6D800EC40E1 /* CoreDataTableViewController.m in Sources */ = {isa = PBXBuildFile; fileRef = F158E57F1972D6D800EC40E1 /* CoreDataTableViewController.m */; };
		F158E5851972D6D800EC40E1 /* FlickrFetcher.m in Sources */ = {isa = PBXBuildFile; fileRef = F158E5831972D6D800EC40E1 /* FlickrFetcher.m */; };
		F158E5891972DBC600EC40E1 /* FlickrRegions.xcdatamodeld in Sources */ = {isa = PBXBuildFile; fileRef = F158E5871972DBC600EC40E1 /* FlickrRegions.xcdatamodeld */; };
		F158E5AD1972DFE100EC40E1 /* Photo+addon.m in Sources */ = {isa = PBXBuildFile; fileRef = F158E5AC1972DFE100EC40E1 /* Photo+addon.m */; };
		F158E5B01972DFFB00EC40E1 /* Location+addon.m in Sources */ = {isa = PBXBuildFile; fileRef = F158E5AF1972DFFB00EC40E1 /* Location+addon.m */; };
		F158E5B31972E00E00EC40E1 /* History+addon.m in Sources */ = {isa = PBXBuildFile; fileRef = F158E5B21972E00E00EC40E1 /* History+addon.m */; };
		F158E5B61972E02100EC40E1 /* Region+addon.m in Sources */ = {isa = PBXBuildFile; fileRef = F158E5B51972E02100EC40E1 /* Region+addon.m */; };
		F158E5B91972E04900EC40E1 /* Photographer+addon.m in Sources */ = {isa = PBXBuildFile; fileRef = F158E5B81972E04900EC40E1 /* Photographer+addon.m */; };
		F158E5EF197378CD00EC40E1 /* FRRegionTVC.m in Sources */ = {isa = PBXBuildFile; fileRef = F158E5EE197378CD00EC40E1 /* FRRegionTVC.m */; };
		F180334E197E86C700113FE3 /* Location.m in Sources */ = {isa = PBXBuildFile; fileRef = F180334D197E86C700113FE3 /* Location.m */; };
		F1803351197E86C700113FE3 /* History.m in Sources */ = {isa = PBXBuildFile; fileRef = F1803350197E86C700113FE3 /* History.m */; };
		F1803354197E86C700113FE3 /* Photographer.m in Sources */ = {isa = PBXBuildFile; fileRef = F1803353197E86C700113FE3 /* Photographer.m */; };
		F1803357197E86C700113FE3 /* Region.m in Sources */ = {isa = PBXBuildFile; fileRef = F1803356197E86C700113FE3 /* Region.m */; };
		F180335D197E883E00113FE3 /* Photo.m in Sources */ = {isa = PBXBuildFile; fileRef = F180335C197E883E00113FE3 /* Photo.m */; };
		F1B806B51974066C0086B9C2 /* FRPhotoTVC.m in Sources */ = {isa = PBXBuildFile; fileRef = F1B806B41974066C0086B9C2 /* FRPhotoTVC.m */; };
/* End PBXBuildFile section */

/* Begin PBXContainerItemProxy section */
		F158E56B1972D6B000EC40E1 /* PBXContainerItemProxy */ = {
			isa = PBXContainerItemProxy;
			containerPortal = F158E53A1972D6AF00EC40E1 /* Project object */;
			proxyType = 1;
			remoteGlobalIDString = F158E5411972D6AF00EC40E1;
			remoteInfo = FlickrRegions;
		};
/* End PBXContainerItemProxy section */

/* Begin PBXFileReference section */
		F12C27801974A63B00DB6E3E /* FRExtras.h */ = {isa = PBXFileReference; fileEncoding = 4; lastKnownFileType = sourcecode.c.h; path = FRExtras.h; sourceTree = "<group>"; };
		F12C27811974A63B00DB6E3E /* FRExtras.m */ = {isa = PBXFileReference; fileEncoding = 4; lastKnownFileType = sourcecode.c.objc; path = FRExtras.m; sourceTree = "<group>"; };
		F12C53FB1978923F002B5387 /* FRHistoryTVC.h */ = {isa = PBXFileReference; fileEncoding = 4; lastKnownFileType = sourcecode.c.h; path = FRHistoryTVC.h; sourceTree = "<group>"; };
		F12C53FC1978923F002B5387 /* FRHistoryTVC.m */ = {isa = PBXFileReference; fileEncoding = 4; lastKnownFileType = sourcecode.c.objc; path = FRHistoryTVC.m; sourceTree = "<group>"; };
		F131DBF21975E82F00FF8307 /* FRPhotoVC.h */ = {isa = PBXFileReference; fileEncoding = 4; lastKnownFileType = sourcecode.c.h; path = FRPhotoVC.h; sourceTree = "<group>"; };
		F131DBF31975E82F00FF8307 /* FRPhotoVC.m */ = {isa = PBXFileReference; fileEncoding = 4; lastKnownFileType = sourcecode.c.objc; path = FRPhotoVC.m; sourceTree = "<group>"; };
		F131DBF51975EAFD00FF8307 /* FRPhotoInfoVC.h */ = {isa = PBXFileReference; fileEncoding = 4; lastKnownFileType = sourcecode.c.h; path = FRPhotoInfoVC.h; sourceTree = "<group>"; };
		F131DBF61975EAFD00FF8307 /* FRPhotoInfoVC.m */ = {isa = PBXFileReference; fileEncoding = 4; lastKnownFileType = sourcecode.c.objc; path = FRPhotoInfoVC.m; sourceTree = "<group>"; };
		F158E5421972D6AF00EC40E1 /* FlickrRegions.app */ = {isa = PBXFileReference; explicitFileType = wrapper.application; includeInIndex = 0; path = FlickrRegions.app; sourceTree = BUILT_PRODUCTS_DIR; };
		F158E5451972D6AF00EC40E1 /* Foundation.framework */ = {isa = PBXFileReference; lastKnownFileType = wrapper.framework; name = Foundation.framework; path = System/Library/Frameworks/Foundation.framework; sourceTree = SDKROOT; };
		F158E5471972D6AF00EC40E1 /* CoreGraphics.framework */ = {isa = PBXFileReference; lastKnownFileType = wrapper.framework; name = CoreGraphics.framework; path = System/Library/Frameworks/CoreGraphics.framework; sourceTree = SDKROOT; };
		F158E5491972D6AF00EC40E1 /* UIKit.framework */ = {isa = PBXFileReference; lastKnownFileType = wrapper.framework; name = UIKit.framework; path = System/Library/Frameworks/UIKit.framework; sourceTree = SDKROOT; };
		F158E54D1972D6AF00EC40E1 /* FlickrRegions-Info.plist */ = {isa = PBXFileReference; lastKnownFileType = text.plist.xml; path = "FlickrRegions-Info.plist"; sourceTree = "<group>"; };
		F158E54F1972D6AF00EC40E1 /* en */ = {isa = PBXFileReference; lastKnownFileType = text.plist.strings; name = en; path = en.lproj/InfoPlist.strings; sourceTree = "<group>"; };
		F158E5511972D6AF00EC40E1 /* main.m */ = {isa = PBXFileReference; lastKnownFileType = sourcecode.c.objc; path = main.m; sourceTree = "<group>"; };
		F158E5531972D6AF00EC40E1 /* FlickrRegions-Prefix.pch */ = {isa = PBXFileReference; lastKnownFileType = sourcecode.c.h; path = "FlickrRegions-Prefix.pch"; sourceTree = "<group>"; };
		F158E5541972D6B000EC40E1 /* FRAppDelegate.h */ = {isa = PBXFileReference; lastKnownFileType = sourcecode.c.h; path = FRAppDelegate.h; sourceTree = "<group>"; };
		F158E5551972D6B000EC40E1 /* FRAppDelegate.m */ = {isa = PBXFileReference; lastKnownFileType = sourcecode.c.objc; path = FRAppDelegate.m; sourceTree = "<group>"; };
		F158E5581972D6B000EC40E1 /* Base */ = {isa = PBXFileReference; lastKnownFileType = file.storyboard; name = Base; path = Base.lproj/Main_iPhone.storyboard; sourceTree = "<group>"; };
		F158E55B1972D6B000EC40E1 /* Base */ = {isa = PBXFileReference; lastKnownFileType = file.storyboard; name = Base; path = Base.lproj/Main_iPad.storyboard; sourceTree = "<group>"; };
		F158E55D1972D6B000EC40E1 /* FRViewController.h */ = {isa = PBXFileReference; lastKnownFileType = sourcecode.c.h; path = FRViewController.h; sourceTree = "<group>"; };
		F158E55E1972D6B000EC40E1 /* FRViewController.m */ = {isa = PBXFileReference; lastKnownFileType = sourcecode.c.objc; path = FRViewController.m; sourceTree = "<group>"; };
		F158E5601972D6B000EC40E1 /* Images.xcassets */ = {isa = PBXFileReference; lastKnownFileType = folder.assetcatalog; path = Images.xcassets; sourceTree = "<group>"; };
		F158E5661972D6B000EC40E1 /* FlickrRegionsTests.xctest */ = {isa = PBXFileReference; explicitFileType = wrapper.cfbundle; includeInIndex = 0; path = FlickrRegionsTests.xctest; sourceTree = BUILT_PRODUCTS_DIR; };
		F158E5671972D6B000EC40E1 /* XCTest.framework */ = {isa = PBXFileReference; lastKnownFileType = wrapper.framework; name = XCTest.framework; path = Library/Frameworks/XCTest.framework; sourceTree = DEVELOPER_DIR; };
		F158E56F1972D6B000EC40E1 /* FlickrRegionsTests-Info.plist */ = {isa = PBXFileReference; lastKnownFileType = text.plist.xml; path = "FlickrRegionsTests-Info.plist"; sourceTree = "<group>"; };
		F158E5711972D6B000EC40E1 /* en */ = {isa = PBXFileReference; lastKnownFileType = text.plist.strings; name = en; path = en.lproj/InfoPlist.strings; sourceTree = "<group>"; };
		F158E5731972D6B000EC40E1 /* FlickrRegionsTests.m */ = {isa = PBXFileReference; lastKnownFileType = sourcecode.c.objc; path = FlickrRegionsTests.m; sourceTree = "<group>"; };
		F158E57E1972D6D800EC40E1 /* CoreDataTableViewController.h */ = {isa = PBXFileReference; fileEncoding = 4; lastKnownFileType = sourcecode.c.h; path = CoreDataTableViewController.h; sourceTree = "<group>"; };
		F158E57F1972D6D800EC40E1 /* CoreDataTableViewController.m */ = {isa = PBXFileReference; fileEncoding = 4; lastKnownFileType = sourcecode.c.objc; path = CoreDataTableViewController.m; sourceTree = "<group>"; };
		F158E5811972D6D800EC40E1 /* FlickrAPIKey.h */ = {isa = PBXFileReference; fileEncoding = 4; lastKnownFileType = sourcecode.c.h; path = FlickrAPIKey.h; sourceTree = "<group>"; };
		F158E5821972D6D800EC40E1 /* FlickrFetcher.h */ = {isa = PBXFileReference; fileEncoding = 4; lastKnownFileType = sourcecode.c.h; path = FlickrFetcher.h; sourceTree = "<group>"; };
		F158E5831972D6D800EC40E1 /* FlickrFetcher.m */ = {isa = PBXFileReference; fileEncoding = 4; lastKnownFileType = sourcecode.c.objc; path = FlickrFetcher.m; sourceTree = "<group>"; };
		F158E5881972DBC600EC40E1 /* FlickrRegions.xcdatamodel */ = {isa = PBXFileReference; lastKnownFileType = wrapper.xcdatamodel; path = FlickrRegions.xcdatamodel; sourceTree = "<group>"; };
		F158E5AB1972DFE100EC40E1 /* Photo+addon.h */ = {isa = PBXFileReference; fileEncoding = 4; lastKnownFileType = sourcecode.c.h; path = "Photo+addon.h"; sourceTree = "<group>"; };
		F158E5AC1972DFE100EC40E1 /* Photo+addon.m */ = {isa = PBXFileReference; fileEncoding = 4; lastKnownFileType = sourcecode.c.objc; path = "Photo+addon.m"; sourceTree = "<group>"; };
		F158E5AE1972DFFB00EC40E1 /* Location+addon.h */ = {isa = PBXFileReference; fileEncoding = 4; lastKnownFileType = sourcecode.c.h; path = "Location+addon.h"; sourceTree = "<group>"; };
		F158E5AF1972DFFB00EC40E1 /* Location+addon.m */ = {isa = PBXFileReference; fileEncoding = 4; lastKnownFileType = sourcecode.c.objc; path = "Location+addon.m"; sourceTree = "<group>"; };
		F158E5B11972E00E00EC40E1 /* History+addon.h */ = {isa = PBXFileReference; fileEncoding = 4; lastKnownFileType = sourcecode.c.h; path = "History+addon.h"; sourceTree = "<group>"; };
		F158E5B21972E00E00EC40E1 /* History+addon.m */ = {isa = PBXFileReference; fileEncoding = 4; lastKnownFileType = sourcecode.c.objc; path = "History+addon.m"; sourceTree = "<group>"; };
		F158E5B41972E02100EC40E1 /* Region+addon.h */ = {isa = PBXFileReference; fileEncoding = 4; lastKnownFileType = sourcecode.c.h; path = "Region+addon.h"; sourceTree = "<group>"; };
		F158E5B51972E02100EC40E1 /* Region+addon.m */ = {isa = PBXFileReference; fileEncoding = 4; lastKnownFileType = sourcecode.c.objc; path = "Region+addon.m"; sourceTree = "<group>"; };
		F158E5B71972E04900EC40E1 /* Photographer+addon.h */ = {isa = PBXFileReference; fileEncoding = 4; lastKnownFileType = sourcecode.c.h; path = "Photographer+addon.h"; sourceTree = "<group>"; };
		F158E5B81972E04900EC40E1 /* Photographer+addon.m */ = {isa = PBXFileReference; fileEncoding = 4; lastKnownFileType = sourcecode.c.objc; path = "Photographer+addon.m"; sourceTree = "<group>"; };
		F158E5ED197378CD00EC40E1 /* FRRegionTVC.h */ = {isa = PBXFileReference; fileEncoding = 4; lastKnownFileType = sourcecode.c.h; path = FRRegionTVC.h; sourceTree = "<group>"; };
		F158E5EE197378CD00EC40E1 /* FRRegionTVC.m */ = {isa = PBXFileReference; fileEncoding = 4; lastKnownFileType = sourcecode.c.objc; path = FRRegionTVC.m; sourceTree = "<group>"; };
		F180334C197E86C700113FE3 /* Location.h */ = {isa = PBXFileReference; fileEncoding = 4; lastKnownFileType = sourcecode.c.h; path = Location.h; sourceTree = "<group>"; };
		F180334D197E86C700113FE3 /* Location.m */ = {isa = PBXFileReference; fileEncoding = 4; lastKnownFileType = sourcecode.c.objc; path = Location.m; sourceTree = "<group>"; };
		F180334F197E86C700113FE3 /* History.h */ = {isa = PBXFileReference; fileEncoding = 4; lastKnownFileType = sourcecode.c.h; path = History.h; sourceTree = "<group>"; };
		F1803350197E86C700113FE3 /* History.m */ = {isa = PBXFileReference; fileEncoding = 4; lastKnownFileType = sourcecode.c.objc; path = History.m; sourceTree = "<group>"; };
		F1803352197E86C700113FE3 /* Photographer.h */ = {isa = PBXFileReference; fileEncoding = 4; lastKnownFileType = sourcecode.c.h; path = Photographer.h; sourceTree = "<group>"; };
		F1803353197E86C700113FE3 /* Photographer.m */ = {isa = PBXFileReference; fileEncoding = 4; lastKnownFileType = sourcecode.c.objc; path = Photographer.m; sourceTree = "<group>"; };
		F1803355197E86C700113FE3 /* Region.h */ = {isa = PBXFileReference; fileEncoding = 4; lastKnownFileType = sourcecode.c.h; path = Region.h; sourceTree = "<group>"; };
		F1803356197E86C700113FE3 /* Region.m */ = {isa = PBXFileReference; fileEncoding = 4; lastKnownFileType = sourcecode.c.objc; path = Region.m; sourceTree = "<group>"; };
		F180335B197E883E00113FE3 /* Photo.h */ = {isa = PBXFileReference; fileEncoding = 4; lastKnownFileType = sourcecode.c.h; path = Photo.h; sourceTree = "<group>"; };
		F180335C197E883E00113FE3 /* Photo.m */ = {isa = PBXFileReference; fileEncoding = 4; lastKnownFileType = sourcecode.c.objc; path = Photo.m; sourceTree = "<group>"; };
		F1B806B31974066C0086B9C2 /* FRPhotoTVC.h */ = {isa = PBXFileReference; fileEncoding = 4; lastKnownFileType = sourcecode.c.h; path = FRPhotoTVC.h; sourceTree = "<group>"; };
		F1B806B41974066C0086B9C2 /* FRPhotoTVC.m */ = {isa = PBXFileReference; fileEncoding = 4; lastKnownFileType = sourcecode.c.objc; path = FRPhotoTVC.m; sourceTree = "<group>"; };
		F1F6992A197AB448007DA935 /* PhotoDatabaseAvailability.h */ = {isa = PBXFileReference; lastKnownFileType = sourcecode.c.h; path = PhotoDatabaseAvailability.h; sourceTree = "<group>"; };
/* End PBXFileReference section */

/* Begin PBXFrameworksBuildPhase section */
		F158E53F1972D6AF00EC40E1 /* Frameworks */ = {
			isa = PBXFrameworksBuildPhase;
			buildActionMask = 2147483647;
			files = (
				F158E5481972D6AF00EC40E1 /* CoreGraphics.framework in Frameworks */,
				F158E54A1972D6AF00EC40E1 /* UIKit.framework in Frameworks */,
				F158E5461972D6AF00EC40E1 /* Foundation.framework in Frameworks */,
			);
			runOnlyForDeploymentPostprocessing = 0;
		};
		F158E5631972D6B000EC40E1 /* Frameworks */ = {
			isa = PBXFrameworksBuildPhase;
			buildActionMask = 2147483647;
			files = (
				F158E5681972D6B000EC40E1 /* XCTest.framework in Frameworks */,
				F158E56A1972D6B000EC40E1 /* UIKit.framework in Frameworks */,
				F158E5691972D6B000EC40E1 /* Foundation.framework in Frameworks */,
			);
			runOnlyForDeploymentPostprocessing = 0;
		};
/* End PBXFrameworksBuildPhase section */

/* Begin PBXGroup section */
		F158E5391972D6AF00EC40E1 = {
			isa = PBXGroup;
			children = (
				F158E54B1972D6AF00EC40E1 /* FlickrRegions */,
				F158E56D1972D6B000EC40E1 /* FlickrRegionsTests */,
				F158E5441972D6AF00EC40E1 /* Frameworks */,
				F158E5431972D6AF00EC40E1 /* Products */,
			);
			sourceTree = "<group>";
		};
		F158E5431972D6AF00EC40E1 /* Products */ = {
			isa = PBXGroup;
			children = (
				F158E5421972D6AF00EC40E1 /* FlickrRegions.app */,
				F158E5661972D6B000EC40E1 /* FlickrRegionsTests.xctest */,
			);
			name = Products;
			sourceTree = "<group>";
		};
		F158E5441972D6AF00EC40E1 /* Frameworks */ = {
			isa = PBXGroup;
			children = (
				F158E5451972D6AF00EC40E1 /* Foundation.framework */,
				F158E5471972D6AF00EC40E1 /* CoreGraphics.framework */,
				F158E5491972D6AF00EC40E1 /* UIKit.framework */,
				F158E5671972D6B000EC40E1 /* XCTest.framework */,
			);
			name = Frameworks;
			sourceTree = "<group>";
		};
		F158E54B1972D6AF00EC40E1 /* FlickrRegions */ = {
			isa = PBXGroup;
			children = (
				F180335B197E883E00113FE3 /* Photo.h */,
				F180335C197E883E00113FE3 /* Photo.m */,
				F158E5871972DBC600EC40E1 /* FlickrRegions.xcdatamodeld */,
				F1803355197E86C700113FE3 /* Region.h */,
				F1803356197E86C700113FE3 /* Region.m */,
				F1803352197E86C700113FE3 /* Photographer.h */,
				F1803353197E86C700113FE3 /* Photographer.m */,
				F180334F197E86C700113FE3 /* History.h */,
				F1803350197E86C700113FE3 /* History.m */,
				F180334C197E86C700113FE3 /* Location.h */,
				F180334D197E86C700113FE3 /* Location.m */,
				F158E5571972D6B000EC40E1 /* Main_iPhone.storyboard */,
				F158E55A1972D6B000EC40E1 /* Main_iPad.storyboard */,
				F158E55D1972D6B000EC40E1 /* FRViewController.h */,
				F158E55E1972D6B000EC40E1 /* FRViewController.m */,
				F158E5B71972E04900EC40E1 /* Photographer+addon.h */,
				F158E5B81972E04900EC40E1 /* Photographer+addon.m */,
				F158E5AB1972DFE100EC40E1 /* Photo+addon.h */,
				F158E5AC1972DFE100EC40E1 /* Photo+addon.m */,
				F158E5AE1972DFFB00EC40E1 /* Location+addon.h */,
				F158E5AF1972DFFB00EC40E1 /* Location+addon.m */,
				F158E5B11972E00E00EC40E1 /* History+addon.h */,
				F158E5B21972E00E00EC40E1 /* History+addon.m */,
				F158E5B41972E02100EC40E1 /* Region+addon.h */,
				F158E5B51972E02100EC40E1 /* Region+addon.m */,
				F158E5541972D6B000EC40E1 /* FRAppDelegate.h */,
				F158E5551972D6B000EC40E1 /* FRAppDelegate.m */,
				F158E5601972D6B000EC40E1 /* Images.xcassets */,
				F158E57D1972D6D800EC40E1 /* CoreDataTableViewController */,
				F158E5801972D6D800EC40E1 /* Flickr Fetcher */,
				F158E54C1972D6AF00EC40E1 /* Supporting Files */,
				F158E5ED197378CD00EC40E1 /* FRRegionTVC.h */,
				F158E5EE197378CD00EC40E1 /* FRRegionTVC.m */,
				F1B806B31974066C0086B9C2 /* FRPhotoTVC.h */,
				F1B806B41974066C0086B9C2 /* FRPhotoTVC.m */,
				F12C27801974A63B00DB6E3E /* FRExtras.h */,
				F12C27811974A63B00DB6E3E /* FRExtras.m */,
				F131DBF21975E82F00FF8307 /* FRPhotoVC.h */,
				F131DBF31975E82F00FF8307 /* FRPhotoVC.m */,
				F12C53FB1978923F002B5387 /* FRHistoryTVC.h */,
				F12C53FC1978923F002B5387 /* FRHistoryTVC.m */,
				F131DBF51975EAFD00FF8307 /* FRPhotoInfoVC.h */,
				F131DBF61975EAFD00FF8307 /* FRPhotoInfoVC.m */,
				F1F6992A197AB448007DA935 /* PhotoDatabaseAvailability.h */,
			);
			path = FlickrRegions;
			sourceTree = "<group>";
		};
		F158E54C1972D6AF00EC40E1 /* Supporting Files */ = {
			isa = PBXGroup;
			children = (
				F158E54D1972D6AF00EC40E1 /* FlickrRegions-Info.plist */,
				F158E54E1972D6AF00EC40E1 /* InfoPlist.strings */,
				F158E5511972D6AF00EC40E1 /* main.m */,
				F158E5531972D6AF00EC40E1 /* FlickrRegions-Prefix.pch */,
			);
			name = "Supporting Files";
			sourceTree = "<group>";
		};
		F158E56D1972D6B000EC40E1 /* FlickrRegionsTests */ = {
			isa = PBXGroup;
			children = (
				F158E5731972D6B000EC40E1 /* FlickrRegionsTests.m */,
				F158E56E1972D6B000EC40E1 /* Supporting Files */,
			);
			path = FlickrRegionsTests;
			sourceTree = "<group>";
		};
		F158E56E1972D6B000EC40E1 /* Supporting Files */ = {
			isa = PBXGroup;
			children = (
				F158E56F1972D6B000EC40E1 /* FlickrRegionsTests-Info.plist */,
				F158E5701972D6B000EC40E1 /* InfoPlist.strings */,
			);
			name = "Supporting Files";
			sourceTree = "<group>";
		};
		F158E57D1972D6D800EC40E1 /* CoreDataTableViewController */ = {
			isa = PBXGroup;
			children = (
				F158E57E1972D6D800EC40E1 /* CoreDataTableViewController.h */,
				F158E57F1972D6D800EC40E1 /* CoreDataTableViewController.m */,
			);
			path = CoreDataTableViewController;
			sourceTree = "<group>";
		};
		F158E5801972D6D800EC40E1 /* Flickr Fetcher */ = {
			isa = PBXGroup;
			children = (
				F158E5811972D6D800EC40E1 /* FlickrAPIKey.h */,
				F158E5821972D6D800EC40E1 /* FlickrFetcher.h */,
				F158E5831972D6D800EC40E1 /* FlickrFetcher.m */,
			);
			path = "Flickr Fetcher";
			sourceTree = "<group>";
		};
/* End PBXGroup section */

/* Begin PBXNativeTarget section */
		F158E5411972D6AF00EC40E1 /* FlickrRegions */ = {
			isa = PBXNativeTarget;
			buildConfigurationList = F158E5771972D6B000EC40E1 /* Build configuration list for PBXNativeTarget "FlickrRegions" */;
			buildPhases = (
				F158E53E1972D6AF00EC40E1 /* Sources */,
				F158E53F1972D6AF00EC40E1 /* Frameworks */,
				F158E5401972D6AF00EC40E1 /* Resources */,
			);
			buildRules = (
			);
			dependencies = (
			);
			name = FlickrRegions;
			productName = FlickrRegions;
			productReference = F158E5421972D6AF00EC40E1 /* FlickrRegions.app */;
			productType = "com.apple.product-type.application";
		};
		F158E5651972D6B000EC40E1 /* FlickrRegionsTests */ = {
			isa = PBXNativeTarget;
			buildConfigurationList = F158E57A1972D6B000EC40E1 /* Build configuration list for PBXNativeTarget "FlickrRegionsTests" */;
			buildPhases = (
				F158E5621972D6B000EC40E1 /* Sources */,
				F158E5631972D6B000EC40E1 /* Frameworks */,
				F158E5641972D6B000EC40E1 /* Resources */,
			);
			buildRules = (
			);
			dependencies = (
				F158E56C1972D6B000EC40E1 /* PBXTargetDependency */,
			);
			name = FlickrRegionsTests;
			productName = FlickrRegionsTests;
			productReference = F158E5661972D6B000EC40E1 /* FlickrRegionsTests.xctest */;
			productType = "com.apple.product-type.bundle.unit-test";
		};
/* End PBXNativeTarget section */

/* Begin PBXProject section */
		F158E53A1972D6AF00EC40E1 /* Project object */ = {
			isa = PBXProject;
			attributes = {
				CLASSPREFIX = FR;
				LastUpgradeCheck = 0510;
				ORGANIZATIONNAME = Home;
				TargetAttributes = {
					F158E5651972D6B000EC40E1 = {
						TestTargetID = F158E5411972D6AF00EC40E1;
					};
				};
			};
			buildConfigurationList = F158E53D1972D6AF00EC40E1 /* Build configuration list for PBXProject "FlickrRegions" */;
			compatibilityVersion = "Xcode 3.2";
			developmentRegion = English;
			hasScannedForEncodings = 0;
			knownRegions = (
				en,
				Base,
			);
			mainGroup = F158E5391972D6AF00EC40E1;
			productRefGroup = F158E5431972D6AF00EC40E1 /* Products */;
			projectDirPath = "";
			projectRoot = "";
			targets = (
				F158E5411972D6AF00EC40E1 /* FlickrRegions */,
				F158E5651972D6B000EC40E1 /* FlickrRegionsTests */,
			);
		};
/* End PBXProject section */

/* Begin PBXResourcesBuildPhase section */
		F158E5401972D6AF00EC40E1 /* Resources */ = {
			isa = PBXResourcesBuildPhase;
			buildActionMask = 2147483647;
			files = (
				F158E55C1972D6B000EC40E1 /* Main_iPad.storyboard in Resources */,
				F158E5611972D6B000EC40E1 /* Images.xcassets in Resources */,
				F158E5591972D6B000EC40E1 /* Main_iPhone.storyboard in Resources */,
				F158E5501972D6AF00EC40E1 /* InfoPlist.strings in Resources */,
			);
			runOnlyForDeploymentPostprocessing = 0;
		};
		F158E5641972D6B000EC40E1 /* Resources */ = {
			isa = PBXResourcesBuildPhase;
			buildActionMask = 2147483647;
			files = (
				F158E5721972D6B000EC40E1 /* InfoPlist.strings in Resources */,
			);
			runOnlyForDeploymentPostprocessing = 0;
		};
/* End PBXResourcesBuildPhase section */

/* Begin PBXSourcesBuildPhase section */
		F158E53E1972D6AF00EC40E1 /* Sources */ = {
			isa = PBXSourcesBuildPhase;
			buildActionMask = 2147483647;
			files = (
				F158E5561972D6B000EC40E1 /* FRAppDelegate.m in Sources */,
				F12C27821974A63B00DB6E3E /* FRExtras.m in Sources */,
				F158E5521972D6AF00EC40E1 /* main.m in Sources */,
				F1803357197E86C700113FE3 /* Region.m in Sources */,
				F180334E197E86C700113FE3 /* Location.m in Sources */,
				F158E5B91972E04900EC40E1 /* Photographer+addon.m in Sources */,
				F158E5AD1972DFE100EC40E1 /* Photo+addon.m in Sources */,
				F131DBF41975E82F00FF8307 /* FRPhotoVC.m in Sources */,
				F180335D197E883E00113FE3 /* Photo.m in Sources */,
				F158E5B01972DFFB00EC40E1 /* Location+addon.m in Sources */,
				F131DBF71975EAFD00FF8307 /* FRPhotoInfoVC.m in Sources */,
				F158E5891972DBC600EC40E1 /* FlickrRegions.xcdatamodeld in Sources */,
				F12C53FD1978923F002B5387 /* FRHistoryTVC.m in Sources */,
				F158E5841972D6D800EC40E1 /* CoreDataTableViewController.m in Sources */,
				F1803354197E86C700113FE3 /* Photographer.m in Sources */,
				F158E5EF197378CD00EC40E1 /* FRRegionTVC.m in Sources */,
				F1803351197E86C700113FE3 /* History.m in Sources */,
				F158E5851972D6D800EC40E1 /* FlickrFetcher.m in Sources */,
				F158E55F1972D6B000EC40E1 /* FRViewController.m in Sources */,
				F158E5B31972E00E00EC40E1 /* History+addon.m in Sources */,
				F1B806B51974066C0086B9C2 /* FRPhotoTVC.m in Sources */,
				F158E5B61972E02100EC40E1 /* Region+addon.m in Sources */,
			);
			runOnlyForDeploymentPostprocessing = 0;
		};
		F158E5621972D6B000EC40E1 /* Sources */ = {
			isa = PBXSourcesBuildPhase;
			buildActionMask = 2147483647;
			files = (
				F158E5741972D6B000EC40E1 /* FlickrRegionsTests.m in Sources */,
			);
			runOnlyForDeploymentPostprocessing = 0;
		};
/* End PBXSourcesBuildPhase section */

/* Begin PBXTargetDependency section */
		F158E56C1972D6B000EC40E1 /* PBXTargetDependency */ = {
			isa = PBXTargetDependency;
			target = F158E5411972D6AF00EC40E1 /* FlickrRegions */;
			targetProxy = F158E56B1972D6B000EC40E1 /* PBXContainerItemProxy */;
		};
/* End PBXTargetDependency section */

/* Begin PBXVariantGroup section */
		F158E54E1972D6AF00EC40E1 /* InfoPlist.strings */ = {
			isa = PBXVariantGroup;
			children = (
				F158E54F1972D6AF00EC40E1 /* en */,
			);
			name = InfoPlist.strings;
			sourceTree = "<group>";
		};
		F158E5571972D6B000EC40E1 /* Main_iPhone.storyboard */ = {
			isa = PBXVariantGroup;
			children = (
				F158E5581972D6B000EC40E1 /* Base */,
			);
			name = Main_iPhone.storyboard;
			sourceTree = "<group>";
		};
		F158E55A1972D6B000EC40E1 /* Main_iPad.storyboard */ = {
			isa = PBXVariantGroup;
			children = (
				F158E55B1972D6B000EC40E1 /* Base */,
			);
			name = Main_iPad.storyboard;
			sourceTree = "<group>";
		};
		F158E5701972D6B000EC40E1 /* InfoPlist.strings */ = {
			isa = PBXVariantGroup;
			children = (
				F158E5711972D6B000EC40E1 /* en */,
			);
			name = InfoPlist.strings;
			sourceTree = "<group>";
		};
/* End PBXVariantGroup section */

/* Begin XCBuildConfiguration section */
		F158E5751972D6B000EC40E1 /* Debug */ = {
			isa = XCBuildConfiguration;
			buildSettings = {
				ALWAYS_SEARCH_USER_PATHS = NO;
				CLANG_CXX_LANGUAGE_STANDARD = "gnu++0x";
				CLANG_CXX_LIBRARY = "libc++";
				CLANG_ENABLE_MODULES = YES;
				CLANG_ENABLE_OBJC_ARC = YES;
				CLANG_WARN_BOOL_CONVERSION = YES;
				CLANG_WARN_CONSTANT_CONVERSION = YES;
				CLANG_WARN_DIRECT_OBJC_ISA_USAGE = YES_ERROR;
				CLANG_WARN_EMPTY_BODY = YES;
				CLANG_WARN_ENUM_CONVERSION = YES;
				CLANG_WARN_INT_CONVERSION = YES;
				CLANG_WARN_OBJC_ROOT_CLASS = YES_ERROR;
				CLANG_WARN__DUPLICATE_METHOD_MATCH = YES;
				"CODE_SIGN_IDENTITY[sdk=iphoneos*]" = "iPhone Developer";
				COPY_PHASE_STRIP = NO;
				GCC_C_LANGUAGE_STANDARD = gnu99;
				GCC_DYNAMIC_NO_PIC = NO;
				GCC_OPTIMIZATION_LEVEL = 0;
				GCC_PREPROCESSOR_DEFINITIONS = (
					"DEBUG=1",
					"$(inherited)",
				);
				GCC_SYMBOLS_PRIVATE_EXTERN = NO;
				GCC_WARN_64_TO_32_BIT_CONVERSION = YES;
				GCC_WARN_ABOUT_RETURN_TYPE = YES_ERROR;
				GCC_WARN_UNDECLARED_SELECTOR = YES;
				GCC_WARN_UNINITIALIZED_AUTOS = YES_AGGRESSIVE;
				GCC_WARN_UNUSED_FUNCTION = YES;
				GCC_WARN_UNUSED_VARIABLE = YES;
				IPHONEOS_DEPLOYMENT_TARGET = 7.1;
				ONLY_ACTIVE_ARCH = YES;
				SDKROOT = iphoneos;
				TARGETED_DEVICE_FAMILY = "1,2";
			};
			name = Debug;
		};
		F158E5761972D6B000EC40E1 /* Release */ = {
			isa = XCBuildConfiguration;
			buildSettings = {
				ALWAYS_SEARCH_USER_PATHS = NO;
				CLANG_CXX_LANGUAGE_STANDARD = "gnu++0x";
				CLANG_CXX_LIBRARY = "libc++";
				CLANG_ENABLE_MODULES = YES;
				CLANG_ENABLE_OBJC_ARC = YES;
				CLANG_WARN_BOOL_CONVERSION = YES;
				CLANG_WARN_CONSTANT_CONVERSION = YES;
				CLANG_WARN_DIRECT_OBJC_ISA_USAGE = YES_ERROR;
				CLANG_WARN_EMPTY_BODY = YES;
				CLANG_WARN_ENUM_CONVERSION = YES;
				CLANG_WARN_INT_CONVERSION = YES;
				CLANG_WARN_OBJC_ROOT_CLASS = YES_ERROR;
				CLANG_WARN__DUPLICATE_METHOD_MATCH = YES;
				"CODE_SIGN_IDENTITY[sdk=iphoneos*]" = "iPhone Developer";
				COPY_PHASE_STRIP = YES;
				ENABLE_NS_ASSERTIONS = NO;
				GCC_C_LANGUAGE_STANDARD = gnu99;
				GCC_WARN_64_TO_32_BIT_CONVERSION = YES;
				GCC_WARN_ABOUT_RETURN_TYPE = YES_ERROR;
				GCC_WARN_UNDECLARED_SELECTOR = YES;
				GCC_WARN_UNINITIALIZED_AUTOS = YES_AGGRESSIVE;
				GCC_WARN_UNUSED_FUNCTION = YES;
				GCC_WARN_UNUSED_VARIABLE = YES;
				IPHONEOS_DEPLOYMENT_TARGET = 7.1;
				SDKROOT = iphoneos;
				TARGETED_DEVICE_FAMILY = "1,2";
				VALIDATE_PRODUCT = YES;
			};
			name = Release;
		};
		F158E5781972D6B000EC40E1 /* Debug */ = {
			isa = XCBuildConfiguration;
			buildSettings = {
				ASSETCATALOG_COMPILER_APPICON_NAME = AppIcon;
				ASSETCATALOG_COMPILER_LAUNCHIMAGE_NAME = LaunchImage;
				GCC_PRECOMPILE_PREFIX_HEADER = YES;
				GCC_PREFIX_HEADER = "FlickrRegions/FlickrRegions-Prefix.pch";
				INFOPLIST_FILE = "FlickrRegions/FlickrRegions-Info.plist";
				PRODUCT_NAME = "$(TARGET_NAME)";
				WRAPPER_EXTENSION = app;
			};
			name = Debug;
		};
		F158E5791972D6B000EC40E1 /* Release */ = {
			isa = XCBuildConfiguration;
			buildSettings = {
				ASSETCATALOG_COMPILER_APPICON_NAME = AppIcon;
				ASSETCATALOG_COMPILER_LAUNCHIMAGE_NAME = LaunchImage;
				GCC_PRECOMPILE_PREFIX_HEADER = YES;
				GCC_PREFIX_HEADER = "FlickrRegions/FlickrRegions-Prefix.pch";
				INFOPLIST_FILE = "FlickrRegions/FlickrRegions-Info.plist";
				PRODUCT_NAME = "$(TARGET_NAME)";
				WRAPPER_EXTENSION = app;
			};
			name = Release;
		};
		F158E57B1972D6B000EC40E1 /* Debug */ = {
			isa = XCBuildConfiguration;
			buildSettings = {
				BUNDLE_LOADER = "$(BUILT_PRODUCTS_DIR)/FlickrRegions.app/FlickrRegions";
				FRAMEWORK_SEARCH_PATHS = (
					"$(SDKROOT)/Developer/Library/Frameworks",
					"$(inherited)",
					"$(DEVELOPER_FRAMEWORKS_DIR)",
				);
				GCC_PRECOMPILE_PREFIX_HEADER = YES;
				GCC_PREFIX_HEADER = "FlickrRegions/FlickrRegions-Prefix.pch";
				GCC_PREPROCESSOR_DEFINITIONS = (
					"DEBUG=1",
					"$(inherited)",
				);
				INFOPLIST_FILE = "FlickrRegionsTests/FlickrRegionsTests-Info.plist";
				PRODUCT_NAME = "$(TARGET_NAME)";
				TEST_HOST = "$(BUNDLE_LOADER)";
				WRAPPER_EXTENSION = xctest;
			};
			name = Debug;
		};
		F158E57C1972D6B000EC40E1 /* Release */ = {
			isa = XCBuildConfiguration;
			buildSettings = {
				BUNDLE_LOADER = "$(BUILT_PRODUCTS_DIR)/FlickrRegions.app/FlickrRegions";
				FRAMEWORK_SEARCH_PATHS = (
					"$(SDKROOT)/Developer/Library/Frameworks",
					"$(inherited)",
					"$(DEVELOPER_FRAMEWORKS_DIR)",
				);
				GCC_PRECOMPILE_PREFIX_HEADER = YES;
				GCC_PREFIX_HEADER = "FlickrRegions/FlickrRegions-Prefix.pch";
				INFOPLIST_FILE = "FlickrRegionsTests/FlickrRegionsTests-Info.plist";
				PRODUCT_NAME = "$(TARGET_NAME)";
				TEST_HOST = "$(BUNDLE_LOADER)";
				WRAPPER_EXTENSION = xctest;
			};
			name = Release;
		};
/* End XCBuildConfiguration section */

/* Begin XCConfigurationList section */
		F158E53D1972D6AF00EC40E1 /* Build configuration list for PBXProject "FlickrRegions" */ = {
			isa = XCConfigurationList;
			buildConfigurations = (
				F158E5751972D6B000EC40E1 /* Debug */,
				F158E5761972D6B000EC40E1 /* Release */,
			);
			defaultConfigurationIsVisible = 0;
			defaultConfigurationName = Release;
		};
		F158E5771972D6B000EC40E1 /* Build configuration list for PBXNativeTarget "FlickrRegions" */ = {
			isa = XCConfigurationList;
			buildConfigurations = (
				F158E5781972D6B000EC40E1 /* Debug */,
				F158E5791972D6B000EC40E1 /* Release */,
			);
			defaultConfigurationIsVisible = 0;
			defaultConfigurationName = Release;
		};
		F158E57A1972D6B000EC40E1 /* Build configuration list for PBXNativeTarget "FlickrRegionsTests" */ = {
			isa = XCConfigurationList;
			buildConfigurations = (
				F158E57B1972D6B000EC40E1 /* Debug */,
				F158E57C1972D6B000EC40E1 /* Release */,
			);
			defaultConfigurationIsVisible = 0;
			defaultConfigurationName = Release;
		};
/* End XCConfigurationList section */

/* Begin XCVersionGroup section */
		F158E5871972DBC600EC40E1 /* FlickrRegions.xcdatamodeld */ = {
			isa = XCVersionGroup;
			children = (
				F158E5881972DBC600EC40E1 /* FlickrRegions.xcdatamodel */,
			);
			currentVersion = F158E5881972DBC600EC40E1 /* FlickrRegions.xcdatamodel */;
			path = FlickrRegions.xcdatamodeld;
			sourceTree = "<group>";
			versionGroupType = wrapper.xcdatamodel;
		};
/* End XCVersionGroup section */
	};
	rootObject = F158E53A1972D6AF00EC40E1 /* Project object */;
}
